// !$*UTF8*$!
{
	archiveVersion = 1;
	classes = {
	};
	objectVersion = 51;
	objects = {

/* Begin PBXBuildFile section */
		843D8AEA2327F80E00705D57 /* NewYorkTimes.ttf in Resources */ = {isa = PBXBuildFile; fileRef = 843D8AE92327F80E00705D57 /* NewYorkTimes.ttf */; };
		843D8AEC2328125700705D57 /* NavigationRouter.swift in Sources */ = {isa = PBXBuildFile; fileRef = 843D8AEB2328125700705D57 /* NavigationRouter.swift */; };
		843D8AEE2328161500705D57 /* UIColor+Extensions.swift in Sources */ = {isa = PBXBuildFile; fileRef = 843D8AED2328161500705D57 /* UIColor+Extensions.swift */; };
		843D8AF22328221500705D57 /* UIStoryboard+Extensions.swift in Sources */ = {isa = PBXBuildFile; fileRef = 843D8AF12328221500705D57 /* UIStoryboard+Extensions.swift */; };
		843D8AF42328231F00705D57 /* BaseViewController.swift in Sources */ = {isa = PBXBuildFile; fileRef = 843D8AF32328231F00705D57 /* BaseViewController.swift */; };
		843D8AF623283E9C00705D57 /* ArticleType.swift in Sources */ = {isa = PBXBuildFile; fileRef = 843D8AF523283E9C00705D57 /* ArticleType.swift */; };
		84EBDAAA2326BE0000FACC78 /* AppDelegate.swift in Sources */ = {isa = PBXBuildFile; fileRef = 84EBDAA92326BE0000FACC78 /* AppDelegate.swift */; };
		84EBDAAC2326BE0000FACC78 /* DetailViewController.swift in Sources */ = {isa = PBXBuildFile; fileRef = 84EBDAAB2326BE0000FACC78 /* DetailViewController.swift */; };
		84EBDAAF2326BE0000FACC78 /* Main.storyboard in Resources */ = {isa = PBXBuildFile; fileRef = 84EBDAAD2326BE0000FACC78 /* Main.storyboard */; };
		84EBDAB22326BE0000FACC78 /* NytimesTest.xcdatamodeld in Sources */ = {isa = PBXBuildFile; fileRef = 84EBDAB02326BE0000FACC78 /* NytimesTest.xcdatamodeld */; };
		84EBDAB42326BE0100FACC78 /* Assets.xcassets in Resources */ = {isa = PBXBuildFile; fileRef = 84EBDAB32326BE0100FACC78 /* Assets.xcassets */; };
		84EBDAB72326BE0100FACC78 /* LaunchScreen.storyboard in Resources */ = {isa = PBXBuildFile; fileRef = 84EBDAB52326BE0100FACC78 /* LaunchScreen.storyboard */; };
		84EBDABF2326C73700FACC78 /* MainViewController.swift in Sources */ = {isa = PBXBuildFile; fileRef = 84EBDABE2326C73700FACC78 /* MainViewController.swift */; };
		84EBDAC12326C77F00FACC78 /* WebManager.swift in Sources */ = {isa = PBXBuildFile; fileRef = 84EBDAC02326C77F00FACC78 /* WebManager.swift */; };
		84EBDAC62326CD0F00FACC78 /* MainCollectionViewCell.swift in Sources */ = {isa = PBXBuildFile; fileRef = 84EBDAC52326CD0F00FACC78 /* MainCollectionViewCell.swift */; };
		84EBDAC92326CD4C00FACC78 /* DataBaseManager.swift in Sources */ = {isa = PBXBuildFile; fileRef = 84EBDAC82326CD4C00FACC78 /* DataBaseManager.swift */; };
		84EBDACD2326CDF100FACC78 /* AppConstants.swift in Sources */ = {isa = PBXBuildFile; fileRef = 84EBDACC2326CDF100FACC78 /* AppConstants.swift */; };
		84EBDACF2326CF7900FACC78 /* NSObject+Extensions.swift in Sources */ = {isa = PBXBuildFile; fileRef = 84EBDACE2326CF7900FACC78 /* NSObject+Extensions.swift */; };
		84EBDAD22326D09F00FACC78 /* UICollectionView+Extensions.swift in Sources */ = {isa = PBXBuildFile; fileRef = 84EBDAD12326D09F00FACC78 /* UICollectionView+Extensions.swift */; };
		84EBDAD52326D14100FACC78 /* CellIdentifying.swift in Sources */ = {isa = PBXBuildFile; fileRef = 84EBDAD42326D14100FACC78 /* CellIdentifying.swift */; };
		84EBDAD72326D19D00FACC78 /* UITableView+Extensions.swift in Sources */ = {isa = PBXBuildFile; fileRef = 84EBDAD62326D19D00FACC78 /* UITableView+Extensions.swift */; };
		84EBDADB2326D44D00FACC78 /* BusinessLayer.swift in Sources */ = {isa = PBXBuildFile; fileRef = 84EBDADA2326D44D00FACC78 /* BusinessLayer.swift */; };
		D80407D4107ED74C2EC97B32 /* Pods_NytimesTest.framework in Frameworks */ = {isa = PBXBuildFile; fileRef = DD44B79770C53D01AAB485A9 /* Pods_NytimesTest.framework */; };
/* End PBXBuildFile section */

/* Begin PBXFileReference section */
		7F14B25B97401EDC6FC38F9B /* Pods-NytimesTest.debug.xcconfig */ = {isa = PBXFileReference; includeInIndex = 1; lastKnownFileType = text.xcconfig; name = "Pods-NytimesTest.debug.xcconfig"; path = "Target Support Files/Pods-NytimesTest/Pods-NytimesTest.debug.xcconfig"; sourceTree = "<group>"; };
		843D8AE92327F80E00705D57 /* NewYorkTimes.ttf */ = {isa = PBXFileReference; lastKnownFileType = file; path = NewYorkTimes.ttf; sourceTree = "<group>"; };
		843D8AEB2328125700705D57 /* NavigationRouter.swift */ = {isa = PBXFileReference; lastKnownFileType = sourcecode.swift; path = NavigationRouter.swift; sourceTree = "<group>"; };
		843D8AED2328161500705D57 /* UIColor+Extensions.swift */ = {isa = PBXFileReference; lastKnownFileType = sourcecode.swift; path = "UIColor+Extensions.swift"; sourceTree = "<group>"; };
		843D8AEF232817F000705D57 /* Raleway-SemiBold.ttf */ = {isa = PBXFileReference; lastKnownFileType = file; path = "Raleway-SemiBold.ttf"; sourceTree = "<group>"; };
		843D8AF0232817F000705D57 /* Raleway-Regular.ttf */ = {isa = PBXFileReference; lastKnownFileType = file; path = "Raleway-Regular.ttf"; sourceTree = "<group>"; };
		843D8AF12328221500705D57 /* UIStoryboard+Extensions.swift */ = {isa = PBXFileReference; lastKnownFileType = sourcecode.swift; path = "UIStoryboard+Extensions.swift"; sourceTree = "<group>"; };
		843D8AF32328231F00705D57 /* BaseViewController.swift */ = {isa = PBXFileReference; lastKnownFileType = sourcecode.swift; path = BaseViewController.swift; sourceTree = "<group>"; };
		843D8AF523283E9C00705D57 /* ArticleType.swift */ = {isa = PBXFileReference; lastKnownFileType = sourcecode.swift; path = ArticleType.swift; sourceTree = "<group>"; };
		84EBDAA62326BE0000FACC78 /* NytimesTest.app */ = {isa = PBXFileReference; explicitFileType = wrapper.application; includeInIndex = 0; path = NytimesTest.app; sourceTree = BUILT_PRODUCTS_DIR; };
		84EBDAA92326BE0000FACC78 /* AppDelegate.swift */ = {isa = PBXFileReference; lastKnownFileType = sourcecode.swift; path = AppDelegate.swift; sourceTree = "<group>"; };
		84EBDAAB2326BE0000FACC78 /* DetailViewController.swift */ = {isa = PBXFileReference; lastKnownFileType = sourcecode.swift; path = DetailViewController.swift; sourceTree = "<group>"; };
		84EBDAAE2326BE0000FACC78 /* Base */ = {isa = PBXFileReference; lastKnownFileType = file.storyboard; name = Base; path = Base.lproj/Main.storyboard; sourceTree = "<group>"; };
		84EBDAB12326BE0000FACC78 /* NytimesTest.xcdatamodel */ = {isa = PBXFileReference; lastKnownFileType = wrapper.xcdatamodel; path = NytimesTest.xcdatamodel; sourceTree = "<group>"; };
		84EBDAB32326BE0100FACC78 /* Assets.xcassets */ = {isa = PBXFileReference; lastKnownFileType = folder.assetcatalog; path = Assets.xcassets; sourceTree = "<group>"; };
		84EBDAB62326BE0100FACC78 /* Base */ = {isa = PBXFileReference; lastKnownFileType = file.storyboard; name = Base; path = Base.lproj/LaunchScreen.storyboard; sourceTree = "<group>"; };
		84EBDAB82326BE0100FACC78 /* Info.plist */ = {isa = PBXFileReference; lastKnownFileType = text.plist.xml; path = Info.plist; sourceTree = "<group>"; };
		84EBDABE2326C73700FACC78 /* MainViewController.swift */ = {isa = PBXFileReference; lastKnownFileType = sourcecode.swift; path = MainViewController.swift; sourceTree = "<group>"; };
		84EBDAC02326C77F00FACC78 /* WebManager.swift */ = {isa = PBXFileReference; lastKnownFileType = sourcecode.swift; name = WebManager.swift; path = ../WebManager.swift; sourceTree = "<group>"; };
		84EBDAC52326CD0F00FACC78 /* MainCollectionViewCell.swift */ = {isa = PBXFileReference; lastKnownFileType = sourcecode.swift; path = MainCollectionViewCell.swift; sourceTree = "<group>"; };
		84EBDAC82326CD4C00FACC78 /* DataBaseManager.swift */ = {isa = PBXFileReference; lastKnownFileType = sourcecode.swift; name = DataBaseManager.swift; path = ../DataBaseManager.swift; sourceTree = "<group>"; };
		84EBDACC2326CDF100FACC78 /* AppConstants.swift */ = {isa = PBXFileReference; lastKnownFileType = sourcecode.swift; path = AppConstants.swift; sourceTree = "<group>"; };
		84EBDACE2326CF7900FACC78 /* NSObject+Extensions.swift */ = {isa = PBXFileReference; lastKnownFileType = sourcecode.swift; path = "NSObject+Extensions.swift"; sourceTree = "<group>"; };
		84EBDAD12326D09F00FACC78 /* UICollectionView+Extensions.swift */ = {isa = PBXFileReference; lastKnownFileType = sourcecode.swift; path = "UICollectionView+Extensions.swift"; sourceTree = "<group>"; };
		84EBDAD42326D14100FACC78 /* CellIdentifying.swift */ = {isa = PBXFileReference; lastKnownFileType = sourcecode.swift; path = CellIdentifying.swift; sourceTree = "<group>"; };
		84EBDAD62326D19D00FACC78 /* UITableView+Extensions.swift */ = {isa = PBXFileReference; lastKnownFileType = sourcecode.swift; path = "UITableView+Extensions.swift"; sourceTree = "<group>"; };
		84EBDADA2326D44D00FACC78 /* BusinessLayer.swift */ = {isa = PBXFileReference; lastKnownFileType = sourcecode.swift; name = BusinessLayer.swift; path = ../BusinessLayer.swift; sourceTree = "<group>"; };
		DD44B79770C53D01AAB485A9 /* Pods_NytimesTest.framework */ = {isa = PBXFileReference; explicitFileType = wrapper.framework; includeInIndex = 0; path = Pods_NytimesTest.framework; sourceTree = BUILT_PRODUCTS_DIR; };
		FB000E4DB7C8695DB705E37A /* Pods-NytimesTest.release.xcconfig */ = {isa = PBXFileReference; includeInIndex = 1; lastKnownFileType = text.xcconfig; name = "Pods-NytimesTest.release.xcconfig"; path = "Target Support Files/Pods-NytimesTest/Pods-NytimesTest.release.xcconfig"; sourceTree = "<group>"; };
/* End PBXFileReference section */

/* Begin PBXFrameworksBuildPhase section */
		84EBDAA32326BE0000FACC78 /* Frameworks */ = {
			isa = PBXFrameworksBuildPhase;
			buildActionMask = 2147483647;
			files = (
				D80407D4107ED74C2EC97B32 /* Pods_NytimesTest.framework in Frameworks */,
			);
			runOnlyForDeploymentPostprocessing = 0;
		};
/* End PBXFrameworksBuildPhase section */

/* Begin PBXGroup section */
		161AA699D1BA6FA6C19D2CE6 /* Pods */ = {
			isa = PBXGroup;
			children = (
				7F14B25B97401EDC6FC38F9B /* Pods-NytimesTest.debug.xcconfig */,
				FB000E4DB7C8695DB705E37A /* Pods-NytimesTest.release.xcconfig */,
			);
			path = Pods;
			sourceTree = "<group>";
		};
		7257D7DABF7A6B97D87715E4 /* Frameworks */ = {
			isa = PBXGroup;
			children = (
				DD44B79770C53D01AAB485A9 /* Pods_NytimesTest.framework */,
			);
			name = Frameworks;
			sourceTree = "<group>";
		};
		843D8AE72327F7D500705D57 /* Resource */ = {
			isa = PBXGroup;
			children = (
				843D8AE82327F7F300705D57 /* Fonts */,
			);
			path = Resource;
			sourceTree = "<group>";
		};
		843D8AE82327F7F300705D57 /* Fonts */ = {
			isa = PBXGroup;
			children = (
				843D8AE92327F80E00705D57 /* NewYorkTimes.ttf */,
				843D8AF0232817F000705D57 /* Raleway-Regular.ttf */,
				843D8AEF232817F000705D57 /* Raleway-SemiBold.ttf */,
			);
			path = Fonts;
			sourceTree = "<group>";
		};
		84EBDA9D2326BE0000FACC78 = {
			isa = PBXGroup;
			children = (
				84EBDAA82326BE0000FACC78 /* NytimesTest */,
				84EBDAA72326BE0000FACC78 /* Products */,
				161AA699D1BA6FA6C19D2CE6 /* Pods */,
				7257D7DABF7A6B97D87715E4 /* Frameworks */,
			);
			sourceTree = "<group>";
		};
		84EBDAA72326BE0000FACC78 /* Products */ = {
			isa = PBXGroup;
			children = (
				84EBDAA62326BE0000FACC78 /* NytimesTest.app */,
			);
			name = Products;
			sourceTree = "<group>";
		};
		84EBDAA82326BE0000FACC78 /* NytimesTest */ = {
			isa = PBXGroup;
			children = (
				84EBDAA92326BE0000FACC78 /* AppDelegate.swift */,
				84EBDACC2326CDF100FACC78 /* AppConstants.swift */,
				843D8AE72327F7D500705D57 /* Resource */,
				84EBDAC42326CCA300FACC78 /* ViewControllers */,
				84EBDAAD2326BE0000FACC78 /* Main.storyboard */,
				84EBDAB32326BE0100FACC78 /* Assets.xcassets */,
				84EBDAB52326BE0100FACC78 /* LaunchScreen.storyboard */,
				84EBDAB82326BE0100FACC78 /* Info.plist */,
				84EBDADC2327078200FACC78 /* Helper */,
				84EBDACA2326CD7A00FACC78 /* Model */,
				84EBDAD32326D11C00FACC78 /* Protocols */,
				84EBDACB2326CDA200FACC78 /* Extensions */,
			);
			path = NytimesTest;
			sourceTree = "<group>";
		};
		84EBDAC42326CCA300FACC78 /* ViewControllers */ = {
			isa = PBXGroup;
			children = (
				843D8AF32328231F00705D57 /* BaseViewController.swift */,
				84EBDABE2326C73700FACC78 /* MainViewController.swift */,
				84EBDAAB2326BE0000FACC78 /* DetailViewController.swift */,
				84EBDAC72326CD1800FACC78 /* Subviews */,
			);
			path = ViewControllers;
			sourceTree = "<group>";
		};
		84EBDAC72326CD1800FACC78 /* Subviews */ = {
			isa = PBXGroup;
			children = (
				84EBDAC52326CD0F00FACC78 /* MainCollectionViewCell.swift */,
			);
			path = Subviews;
			sourceTree = "<group>";
		};
		84EBDACA2326CD7A00FACC78 /* Model */ = {
			isa = PBXGroup;
			children = (
				843D8AF523283E9C00705D57 /* ArticleType.swift */,
				84EBDAB02326BE0000FACC78 /* NytimesTest.xcdatamodeld */,
			);
			path = Model;
			sourceTree = "<group>";
		};
		84EBDACB2326CDA200FACC78 /* Extensions */ = {
			isa = PBXGroup;
			children = (
				84EBDACE2326CF7900FACC78 /* NSObject+Extensions.swift */,
				84EBDAD12326D09F00FACC78 /* UICollectionView+Extensions.swift */,
				84EBDAD62326D19D00FACC78 /* UITableView+Extensions.swift */,
				843D8AED2328161500705D57 /* UIColor+Extensions.swift */,
				843D8AF12328221500705D57 /* UIStoryboard+Extensions.swift */,
			);
			path = Extensions;
			sourceTree = "<group>";
		};
		84EBDAD32326D11C00FACC78 /* Protocols */ = {
			isa = PBXGroup;
			children = (
				84EBDAD42326D14100FACC78 /* CellIdentifying.swift */,
			);
			path = Protocols;
			sourceTree = "<group>";
		};
		84EBDADC2327078200FACC78 /* Helper */ = {
			isa = PBXGroup;
			children = (
				84EBDADA2326D44D00FACC78 /* BusinessLayer.swift */,
				84EBDAC02326C77F00FACC78 /* WebManager.swift */,
				84EBDAC82326CD4C00FACC78 /* DataBaseManager.swift */,
				843D8AEB2328125700705D57 /* NavigationRouter.swift */,
			);
			path = Helper;
			sourceTree = "<group>";
		};
/* End PBXGroup section */

/* Begin PBXNativeTarget section */
		84EBDAA52326BE0000FACC78 /* NytimesTest */ = {
			isa = PBXNativeTarget;
			buildConfigurationList = 84EBDABB2326BE0100FACC78 /* Build configuration list for PBXNativeTarget "NytimesTest" */;
			buildPhases = (
				87D0CD5CACD8E22D2085F3AD /* [CP] Check Pods Manifest.lock */,
				84EBDAA22326BE0000FACC78 /* Sources */,
				84EBDAA32326BE0000FACC78 /* Frameworks */,
				84EBDAA42326BE0000FACC78 /* Resources */,
				6E779664B8348B2970AF432E /* [CP] Embed Pods Frameworks */,
			);
			buildRules = (
			);
			dependencies = (
			);
			name = NytimesTest;
			productName = NytimesTest;
			productReference = 84EBDAA62326BE0000FACC78 /* NytimesTest.app */;
			productType = "com.apple.product-type.application";
		};
/* End PBXNativeTarget section */

/* Begin PBXProject section */
		84EBDA9E2326BE0000FACC78 /* Project object */ = {
			isa = PBXProject;
			attributes = {
				LastSwiftUpdateCheck = 1030;
				LastUpgradeCheck = 1030;
				ORGANIZATIONNAME = "Test project";
				TargetAttributes = {
					84EBDAA52326BE0000FACC78 = {
						CreatedOnToolsVersion = 10.3;
					};
				};
			};
			buildConfigurationList = 84EBDAA12326BE0000FACC78 /* Build configuration list for PBXProject "NytimesTest" */;
			compatibilityVersion = "Xcode 9.3";
			developmentRegion = en;
			hasScannedForEncodings = 0;
			knownRegions = (
				en,
				Base,
			);
			mainGroup = 84EBDA9D2326BE0000FACC78;
			productRefGroup = 84EBDAA72326BE0000FACC78 /* Products */;
			projectDirPath = "";
			projectRoot = "";
			targets = (
				84EBDAA52326BE0000FACC78 /* NytimesTest */,
			);
		};
/* End PBXProject section */

/* Begin PBXResourcesBuildPhase section */
		84EBDAA42326BE0000FACC78 /* Resources */ = {
			isa = PBXResourcesBuildPhase;
			buildActionMask = 2147483647;
			files = (
				84EBDAB72326BE0100FACC78 /* LaunchScreen.storyboard in Resources */,
				843D8AEA2327F80E00705D57 /* NewYorkTimes.ttf in Resources */,
				84EBDAB42326BE0100FACC78 /* Assets.xcassets in Resources */,
				84EBDAAF2326BE0000FACC78 /* Main.storyboard in Resources */,
			);
			runOnlyForDeploymentPostprocessing = 0;
		};
/* End PBXResourcesBuildPhase section */

/* Begin PBXShellScriptBuildPhase section */
		6E779664B8348B2970AF432E /* [CP] Embed Pods Frameworks */ = {
			isa = PBXShellScriptBuildPhase;
			buildActionMask = 2147483647;
			files = (
			);
			inputFileListPaths = (
				"${PODS_ROOT}/Target Support Files/Pods-NytimesTest/Pods-NytimesTest-frameworks-${CONFIGURATION}-input-files.xcfilelist",
			);
			name = "[CP] Embed Pods Frameworks";
			outputFileListPaths = (
				"${PODS_ROOT}/Target Support Files/Pods-NytimesTest/Pods-NytimesTest-frameworks-${CONFIGURATION}-output-files.xcfilelist",
			);
			runOnlyForDeploymentPostprocessing = 0;
			shellPath = /bin/sh;
			shellScript = "\"${PODS_ROOT}/Target Support Files/Pods-NytimesTest/Pods-NytimesTest-frameworks.sh\"\n";
			showEnvVarsInLog = 0;
		};
		87D0CD5CACD8E22D2085F3AD /* [CP] Check Pods Manifest.lock */ = {
			isa = PBXShellScriptBuildPhase;
			buildActionMask = 2147483647;
			files = (
			);
			inputFileListPaths = (
			);
			inputPaths = (
				"${PODS_PODFILE_DIR_PATH}/Podfile.lock",
				"${PODS_ROOT}/Manifest.lock",
			);
			name = "[CP] Check Pods Manifest.lock";
			outputFileListPaths = (
			);
			outputPaths = (
				"$(DERIVED_FILE_DIR)/Pods-NytimesTest-checkManifestLockResult.txt",
			);
			runOnlyForDeploymentPostprocessing = 0;
			shellPath = /bin/sh;
			shellScript = "diff \"${PODS_PODFILE_DIR_PATH}/Podfile.lock\" \"${PODS_ROOT}/Manifest.lock\" > /dev/null\nif [ $? != 0 ] ; then\n    # print error to STDERR\n    echo \"error: The sandbox is not in sync with the Podfile.lock. Run 'pod install' or update your CocoaPods installation.\" >&2\n    exit 1\nfi\n# This output is used by Xcode 'outputs' to avoid re-running this script phase.\necho \"SUCCESS\" > \"${SCRIPT_OUTPUT_FILE_0}\"\n";
			showEnvVarsInLog = 0;
		};
/* End PBXShellScriptBuildPhase section */

/* Begin PBXSourcesBuildPhase section */
		84EBDAA22326BE0000FACC78 /* Sources */ = {
			isa = PBXSourcesBuildPhase;
			buildActionMask = 2147483647;
			files = (
				84EBDACF2326CF7900FACC78 /* NSObject+Extensions.swift in Sources */,
				843D8AEC2328125700705D57 /* NavigationRouter.swift in Sources */,
				84EBDAD52326D14100FACC78 /* CellIdentifying.swift in Sources */,
				84EBDAC92326CD4C00FACC78 /* DataBaseManager.swift in Sources */,
				84EBDAD72326D19D00FACC78 /* UITableView+Extensions.swift in Sources */,
				84EBDAD22326D09F00FACC78 /* UICollectionView+Extensions.swift in Sources */,
				84EBDACD2326CDF100FACC78 /* AppConstants.swift in Sources */,
				843D8AF42328231F00705D57 /* BaseViewController.swift in Sources */,
				84EBDAAC2326BE0000FACC78 /* DetailViewController.swift in Sources */,
				84EBDADB2326D44D00FACC78 /* BusinessLayer.swift in Sources */,
				843D8AF623283E9C00705D57 /* ArticleType.swift in Sources */,
				84EBDAC62326CD0F00FACC78 /* MainCollectionViewCell.swift in Sources */,
				843D8AF22328221500705D57 /* UIStoryboard+Extensions.swift in Sources */,
				84EBDABF2326C73700FACC78 /* MainViewController.swift in Sources */,
				84EBDAB22326BE0000FACC78 /* NytimesTest.xcdatamodeld in Sources */,
				84EBDAAA2326BE0000FACC78 /* AppDelegate.swift in Sources */,
				843D8AEE2328161500705D57 /* UIColor+Extensions.swift in Sources */,
				84EBDAC12326C77F00FACC78 /* WebManager.swift in Sources */,
			);
			runOnlyForDeploymentPostprocessing = 0;
		};
/* End PBXSourcesBuildPhase section */

/* Begin PBXVariantGroup section */
		84EBDAAD2326BE0000FACC78 /* Main.storyboard */ = {
			isa = PBXVariantGroup;
			children = (
				84EBDAAE2326BE0000FACC78 /* Base */,
			);
			name = Main.storyboard;
			sourceTree = "<group>";
		};
		84EBDAB52326BE0100FACC78 /* LaunchScreen.storyboard */ = {
			isa = PBXVariantGroup;
			children = (
				84EBDAB62326BE0100FACC78 /* Base */,
			);
			name = LaunchScreen.storyboard;
			sourceTree = "<group>";
		};
/* End PBXVariantGroup section */

/* Begin XCBuildConfiguration section */
		84EBDAB92326BE0100FACC78 /* Debug */ = {
			isa = XCBuildConfiguration;
			buildSettings = {
				ALWAYS_SEARCH_USER_PATHS = NO;
				CLANG_ANALYZER_NONNULL = YES;
				CLANG_ANALYZER_NUMBER_OBJECT_CONVERSION = YES_AGGRESSIVE;
				CLANG_CXX_LANGUAGE_STANDARD = "gnu++14";
				CLANG_CXX_LIBRARY = "libc++";
				CLANG_ENABLE_MODULES = YES;
				CLANG_ENABLE_OBJC_ARC = YES;
				CLANG_ENABLE_OBJC_WEAK = YES;
				CLANG_WARN_BLOCK_CAPTURE_AUTORELEASING = YES;
				CLANG_WARN_BOOL_CONVERSION = YES;
				CLANG_WARN_COMMA = YES;
				CLANG_WARN_CONSTANT_CONVERSION = YES;
				CLANG_WARN_DEPRECATED_OBJC_IMPLEMENTATIONS = YES;
				CLANG_WARN_DIRECT_OBJC_ISA_USAGE = YES_ERROR;
				CLANG_WARN_DOCUMENTATION_COMMENTS = YES;
				CLANG_WARN_EMPTY_BODY = YES;
				CLANG_WARN_ENUM_CONVERSION = YES;
				CLANG_WARN_INFINITE_RECURSION = YES;
				CLANG_WARN_INT_CONVERSION = YES;
				CLANG_WARN_NON_LITERAL_NULL_CONVERSION = YES;
				CLANG_WARN_OBJC_IMPLICIT_RETAIN_SELF = YES;
				CLANG_WARN_OBJC_LITERAL_CONVERSION = YES;
				CLANG_WARN_OBJC_ROOT_CLASS = YES_ERROR;
				CLANG_WARN_RANGE_LOOP_ANALYSIS = YES;
				CLANG_WARN_STRICT_PROTOTYPES = YES;
				CLANG_WARN_SUSPICIOUS_MOVE = YES;
				CLANG_WARN_UNGUARDED_AVAILABILITY = YES_AGGRESSIVE;
				CLANG_WARN_UNREACHABLE_CODE = YES;
				CLANG_WARN__DUPLICATE_METHOD_MATCH = YES;
				CODE_SIGN_IDENTITY = "iPhone Developer";
				COPY_PHASE_STRIP = NO;
				DEBUG_INFORMATION_FORMAT = dwarf;
				ENABLE_STRICT_OBJC_MSGSEND = YES;
				ENABLE_TESTABILITY = YES;
				GCC_C_LANGUAGE_STANDARD = gnu11;
				GCC_DYNAMIC_NO_PIC = NO;
				GCC_NO_COMMON_BLOCKS = YES;
				GCC_OPTIMIZATION_LEVEL = 0;
				GCC_PREPROCESSOR_DEFINITIONS = (
					"DEBUG=1",
					"$(inherited)",
				);
				GCC_WARN_64_TO_32_BIT_CONVERSION = YES;
				GCC_WARN_ABOUT_RETURN_TYPE = YES_ERROR;
				GCC_WARN_UNDECLARED_SELECTOR = YES;
				GCC_WARN_UNINITIALIZED_AUTOS = YES_AGGRESSIVE;
				GCC_WARN_UNUSED_FUNCTION = YES;
				GCC_WARN_UNUSED_VARIABLE = YES;
				IPHONEOS_DEPLOYMENT_TARGET = 12.4;
				MTL_ENABLE_DEBUG_INFO = INCLUDE_SOURCE;
				MTL_FAST_MATH = YES;
				ONLY_ACTIVE_ARCH = YES;
				SDKROOT = iphoneos;
				SWIFT_ACTIVE_COMPILATION_CONDITIONS = DEBUG;
				SWIFT_OPTIMIZATION_LEVEL = "-Onone";
			};
			name = Debug;
		};
		84EBDABA2326BE0100FACC78 /* Release */ = {
			isa = XCBuildConfiguration;
			buildSettings = {
				ALWAYS_SEARCH_USER_PATHS = NO;
				CLANG_ANALYZER_NONNULL = YES;
				CLANG_ANALYZER_NUMBER_OBJECT_CONVERSION = YES_AGGRESSIVE;
				CLANG_CXX_LANGUAGE_STANDARD = "gnu++14";
				CLANG_CXX_LIBRARY = "libc++";
				CLANG_ENABLE_MODULES = YES;
				CLANG_ENABLE_OBJC_ARC = YES;
				CLANG_ENABLE_OBJC_WEAK = YES;
				CLANG_WARN_BLOCK_CAPTURE_AUTORELEASING = YES;
				CLANG_WARN_BOOL_CONVERSION = YES;
				CLANG_WARN_COMMA = YES;
				CLANG_WARN_CONSTANT_CONVERSION = YES;
				CLANG_WARN_DEPRECATED_OBJC_IMPLEMENTATIONS = YES;
				CLANG_WARN_DIRECT_OBJC_ISA_USAGE = YES_ERROR;
				CLANG_WARN_DOCUMENTATION_COMMENTS = YES;
				CLANG_WARN_EMPTY_BODY = YES;
				CLANG_WARN_ENUM_CONVERSION = YES;
				CLANG_WARN_INFINITE_RECURSION = YES;
				CLANG_WARN_INT_CONVERSION = YES;
				CLANG_WARN_NON_LITERAL_NULL_CONVERSION = YES;
				CLANG_WARN_OBJC_IMPLICIT_RETAIN_SELF = YES;
				CLANG_WARN_OBJC_LITERAL_CONVERSION = YES;
				CLANG_WARN_OBJC_ROOT_CLASS = YES_ERROR;
				CLANG_WARN_RANGE_LOOP_ANALYSIS = YES;
				CLANG_WARN_STRICT_PROTOTYPES = YES;
				CLANG_WARN_SUSPICIOUS_MOVE = YES;
				CLANG_WARN_UNGUARDED_AVAILABILITY = YES_AGGRESSIVE;
				CLANG_WARN_UNREACHABLE_CODE = YES;
				CLANG_WARN__DUPLICATE_METHOD_MATCH = YES;
				CODE_SIGN_IDENTITY = "iPhone Developer";
				COPY_PHASE_STRIP = NO;
				DEBUG_INFORMATION_FORMAT = "dwarf-with-dsym";
				ENABLE_NS_ASSERTIONS = NO;
				ENABLE_STRICT_OBJC_MSGSEND = YES;
				GCC_C_LANGUAGE_STANDARD = gnu11;
				GCC_NO_COMMON_BLOCKS = YES;
				GCC_WARN_64_TO_32_BIT_CONVERSION = YES;
				GCC_WARN_ABOUT_RETURN_TYPE = YES_ERROR;
				GCC_WARN_UNDECLARED_SELECTOR = YES;
				GCC_WARN_UNINITIALIZED_AUTOS = YES_AGGRESSIVE;
				GCC_WARN_UNUSED_FUNCTION = YES;
				GCC_WARN_UNUSED_VARIABLE = YES;
				IPHONEOS_DEPLOYMENT_TARGET = 12.4;
				MTL_ENABLE_DEBUG_INFO = NO;
				MTL_FAST_MATH = YES;
				SDKROOT = iphoneos;
				SWIFT_COMPILATION_MODE = wholemodule;
				SWIFT_OPTIMIZATION_LEVEL = "-O";
				VALIDATE_PRODUCT = YES;
			};
			name = Release;
		};
		84EBDABC2326BE0100FACC78 /* Debug */ = {
			isa = XCBuildConfiguration;
			baseConfigurationReference = 7F14B25B97401EDC6FC38F9B /* Pods-NytimesTest.debug.xcconfig */;
			buildSettings = {
				ASSETCATALOG_COMPILER_APPICON_NAME = AppIcon;
				CODE_SIGN_STYLE = Automatic;
				INFOPLIST_FILE = NytimesTest/Info.plist;
				IPHONEOS_DEPLOYMENT_TARGET = 10.0;
				LD_RUNPATH_SEARCH_PATHS = (
					"$(inherited)",
					"@executable_path/Frameworks",
				);
				PRODUCT_BUNDLE_IDENTIFIER = developer.NytimesTest;
				PRODUCT_NAME = "$(TARGET_NAME)";
				SWIFT_VERSION = 5.0;
				TARGETED_DEVICE_FAMILY = "1,2";
			};
			name = Debug;
		};
		84EBDABD2326BE0100FACC78 /* Release */ = {
			isa = XCBuildConfiguration;
			baseConfigurationReference = FB000E4DB7C8695DB705E37A /* Pods-NytimesTest.release.xcconfig */;
			buildSettings = {
				ASSETCATALOG_COMPILER_APPICON_NAME = AppIcon;
				CODE_SIGN_STYLE = Automatic;
				INFOPLIST_FILE = NytimesTest/Info.plist;
				IPHONEOS_DEPLOYMENT_TARGET = 10.0;
				LD_RUNPATH_SEARCH_PATHS = (
					"$(inherited)",
					"@executable_path/Frameworks",
				);
				PRODUCT_BUNDLE_IDENTIFIER = developer.NytimesTest;
				PRODUCT_NAME = "$(TARGET_NAME)";
				SWIFT_VERSION = 5.0;
				TARGETED_DEVICE_FAMILY = "1,2";
			};
			name = Release;
		};
/* End XCBuildConfiguration section */

/* Begin XCConfigurationList section */
		84EBDAA12326BE0000FACC78 /* Build configuration list for PBXProject "NytimesTest" */ = {
			isa = XCConfigurationList;
			buildConfigurations = (
				84EBDAB92326BE0100FACC78 /* Debug */,
				84EBDABA2326BE0100FACC78 /* Release */,
			);
			defaultConfigurationIsVisible = 0;
			defaultConfigurationName = Release;
		};
		84EBDABB2326BE0100FACC78 /* Build configuration list for PBXNativeTarget "NytimesTest" */ = {
			isa = XCConfigurationList;
			buildConfigurations = (
				84EBDABC2326BE0100FACC78 /* Debug */,
				84EBDABD2326BE0100FACC78 /* Release */,
			);
			defaultConfigurationIsVisible = 0;
			defaultConfigurationName = Release;
		};
/* End XCConfigurationList section */

/* Begin XCVersionGroup section */
		84EBDAB02326BE0000FACC78 /* NytimesTest.xcdatamodeld */ = {
			isa = XCVersionGroup;
			children = (
				84EBDAB12326BE0000FACC78 /* NytimesTest.xcdatamodel */,
			);
			currentVersion = 84EBDAB12326BE0000FACC78 /* NytimesTest.xcdatamodel */;
			path = NytimesTest.xcdatamodeld;
			sourceTree = "<group>";
			versionGroupType = wrapper.xcdatamodel;
		};
/* End XCVersionGroup section */
	};
	rootObject = 84EBDA9E2326BE0000FACC78 /* Project object */;
}
